{
  "lockVersion" : 1,
  "timestamp" : "2026-05-09T05:10:37.388526820Z",
  "configurations" : [
    "compile",
    "optional",
    "protobuf",
    "provided",
    "runtime",
    "scalafix",
    "test"
  ],
  "dependencies" : [
    {
      "org" : "at.yawk.lz4",
      "name" : "lz4-java",
      "version" : "1.10.4",
      "artifacts" : [
        {
          "name" : "lz4-java.jar",
          "hash" : "sha1:b12a116fa35ebe5db4c51ee4079a4ebf527d8bf0"
        }
      ],
      "configurations" : [
        "compile",
        "runtime",
        "test"
      ]
    },
    {
      "org" : "ch.qos.logback",
      "name" : "logback-classic",
      "version" : "1.5.32",
      "artifacts" : [
        {
          "name" : "logback-classic.jar",
          "hash" : "sha1:2b1042c50f508f2eb402bd4d22ccbdf94cc37d2e"
        }
      ],
      "configurations" : [
        "compile",
        "runtime",
        "test"
      ]
    },
    {
      "org" : "ch.qos.logback",
      "name" : "logback-core",
      "version" : "1.5.32",
      "artifacts" : [
        {
          "name" : "logback-core.jar",
          "hash" : "sha1:fdfb3ff9a842303d4a95207294a6c6bc64e2605d"
        }
      ],
      "configurations" : [
        "compile",
        "runtime",
        "test"
      ]
    },
    {
      "org" : "com.fasterxml.jackson.core",
      "name" : "jackson-annotations",
      "version" : "2.21",
      "artifacts" : [
        {
          "name" : "jackson-annotations.jar",
          "hash" : "sha1:b1bc1868bf02dc0bd6c7836257a036a331005309"
        }
      ],
      "configurations" : [
        "compile",
        "runtime",
        "test"
      ]
    },
    {
      "org" : "com.fasterxml.jackson.core",
      "name" : "jackson-core",
      "version" : "2.21.2",
      "artifacts" : [
        {
          "name" : "jackson-core.jar",
          "hash" : "sha1:7d11eac823392f28d8ee7bda77eaadfccbab83e5"
        }
      ],
      "configurations" : [
        "compile",
        "runtime",
        "test"
      ]
    },
    {
      "org" : "com.fasterxml.jackson.core",
      "name" : "jackson-databind",
      "version" : "2.21.2",
      "artifacts" : [
        {
          "name" : "jackson-databind.jar",
          "hash" : "sha1:71ab8ff75b4fd74afdee0004173fdd15de1d6a28"
        }
      ],
      "configurations" : [
        "compile",
        "runtime",
        "test"
      ]
    },
    {
      "org" : "com.fasterxml.jackson.dataformat",
      "name" : "jackson-dataformat-cbor",
      "version" : "2.21.2",
      "artifacts" : [
        {
          "name" : "jackson-dataformat-cbor.jar",
          "hash" : "sha1:0dd1621412ece3c25b7293e707a18ab49ed4e8cf"
        }
      ],
      "configurations" : [
        "compile",
        "runtime",
        "test"
      ]
    },
    {
      "org" : "com.fasterxml.jackson.datatype",
      "name" : "jackson-datatype-jdk8",
      "version" : "2.21.2",
      "artifacts" : [
        {
          "name" : "jackson-datatype-jdk8.jar",
          "hash" : "sha1:0222d829578930f27afa8d9b6842393824e2eb38"
        }
      ],
      "configurations" : [
        "compile",
        "runtime",
        "test"
      ]
    },
    {
      "org" : "com.fasterxml.jackson.datatype",
      "name" : "jackson-datatype-jsr310",
      "version" : "2.21.2",
      "artifacts" : [
        {
          "name" : "jackson-datatype-jsr310.jar",
          "hash" : "sha1:65b0cef8d997561541b7db6bbb1f6d42913b60e0"
        }
      ],
      "configurations" : [
        "compile",
        "runtime",
        "test"
      ]
    },
    {
      "org" : "com.fasterxml.jackson.module",
      "name" : "jackson-module-parameter-names",
      "version" : "2.21.2",
      "artifacts" : [
        {
          "name" : "jackson-module-parameter-names.jar",
          "hash" : "sha1:a9969b397887ef34f229808afc87832098221b8f"
        }
      ],
      "configurations" : [
        "compile",
        "runtime",
        "test"
      ]
    },
    {
      "org" : "com.fasterxml.jackson.module",
      "name" : "jackson-module-scala_3",
      "version" : "2.21.2",
      "artifacts" : [
        {
          "name" : "jackson-module-scala_3.jar",
          "hash" : "sha1:ee5ed7925ef5923abb04e335d85c425adde21e0f"
        }
      ],
      "configurations" : [
        "compile",
        "runtime",
        "test"
      ]
    },
    {
      "org" : "com.google.protobuf",
      "name" : "protobuf-java",
      "version" : "3.19.2",
      "artifacts" : [
        {
          "name" : "protobuf-java.jar",
          "hash" : "sha1:e958ce38f96b612d3819ff1c753d4d70609aea74"
        }
      ],
      "configurations" : [
        "compile",
        "runtime",
        "test"
      ]
    },
    {
      "org" : "com.thesamet.scalapb",
      "name" : "lenses_3",
      "version" : "0.11.11",
      "artifacts" : [
        {
          "name" : "lenses_3.jar",
          "hash" : "sha1:d5c02b213073edfc9cfd6fbac39abef800460f1e"
        }
      ],
      "configurations" : [
        "compile",
        "runtime",
        "test"
      ]
    },
    {
      "org" : "com.thesamet.scalapb",
      "name" : "scalapb-runtime_3",
      "version" : "0.11.11",
      "artifacts" : [
        {
          "name" : "scalapb-runtime_3.jar",
          "hash" : "sha1:91080ec7b4b715fca7bdd4a317ad235ab7d1d850"
        }
      ],
      "configurations" : [
        "compile",
        "runtime",
        "test"
      ]
    },
    {
      "org" : "com.thoughtworks.paranamer",
      "name" : "paranamer",
      "version" : "2.8.3",
      "artifacts" : [
        {
          "name" : "paranamer.jar",
          "hash" : "sha1:75ae4eb129574b7fc0df5fa8808d7ed625be815d"
        }
      ],
      "configurations" : [
        "compile",
        "runtime",
        "test"
      ]
    },
    {
      "org" : "com.typesafe",
      "name" : "config",
      "version" : "1.4.6",
      "artifacts" : [
        {
          "name" : "config.jar",
          "hash" : "sha1:cdf54f700375ae6bd3de8649559b01653b0bead2"
        }
      ],
      "configurations" : [
        "compile",
        "runtime",
        "test"
      ]
    },
    {
      "org" : "io.github.iltotore",
      "name" : "iron_3",
      "version" : "3.3.0",
      "artifacts" : [
        {
          "name" : "iron_3.jar",
          "hash" : "sha1:609607583efda3aa6fcbb01f1df99ce6d9ae1fbb"
        }
      ],
      "configurations" : [
        "compile",
        "runtime",
        "test"
      ]
    },
    {
      "org" : "net.logstash.logback",
      "name" : "logstash-logback-encoder",
      "version" : "9.0",
      "artifacts" : [
        {
          "name" : "logstash-logback-encoder.jar",
          "hash" : "sha1:3a130930dcc447f399a491e85fdf3998685f1091"
        }
      ],
      "configurations" : [
        "compile",
        "runtime",
        "test"
      ]
    },
    {
      "org" : "org.apache.pekko",
      "name" : "pekko-actor_3",
      "version" : "1.5.0",
      "artifacts" : [
        {
          "name" : "pekko-actor_3.jar",
          "hash" : "sha1:746841d8fe8e55a56451b3494eb1e4543e7962cf"
        }
      ],
      "configurations" : [
        "compile",
        "runtime",
        "test"
      ]
    },
    {
      "org" : "org.apache.pekko",
      "name" : "pekko-serialization-jackson_3",
      "version" : "1.5.0",
      "artifacts" : [
        {
          "name" : "pekko-serialization-jackson_3.jar",
          "hash" : "sha1:370156e90404204dacf0b12b52d6249c21dfd87a"
        }
      ],
      "configurations" : [
        "compile",
        "runtime",
        "test"
      ]
    },
    {
      "org" : "org.apache.pekko",
      "name" : "pekko-slf4j_3",
      "version" : "1.5.0",
      "artifacts" : [
        {
          "name" : "pekko-slf4j_3.jar",
          "hash" : "sha1:8c9c0d0c93e8dd6fe8bb78bcab9d2fdb85bfe2b5"
        }
      ],
      "configurations" : [
        "compile",
        "runtime",
        "test"
      ]
    },
    {
      "org" : "org.scala-lang",
      "name" : "scala-library",
      "version" : "2.13.16",
      "artifacts" : [
        {
          "name" : "scala-library.jar",
          "hash" : "sha1:9e064d9304904fd7b6bd2b55a9e601b8c1c9006e"
        }
      ],
      "configurations" : [
        "compile",
        "runtime",
        "test"
      ]
    },
    {
      "org" : "org.scala-lang",
      "name" : "scala3-library_3",
      "version" : "3.3.7",
      "artifacts" : [
        {
          "name" : "scala3-library_3.jar",
          "hash" : "sha1:8a71235e7312077588af781a4d38cfc346f747eb"
        }
      ],
      "configurations" : [
        "compile",
        "runtime",
        "test"
      ]
    },
    {
      "org" : "org.scala-lang.modules",
      "name" : "scala-collection-compat_3",
      "version" : "2.7.0",
      "artifacts" : [
        {
          "name" : "scala-collection-compat_3.jar",
          "hash" : "sha1:97ce321fee57215497079002da02921acd3b76b4"
        }
      ],
      "configurations" : [
        "compile",
        "runtime",
        "test"
      ]
    },
    {
      "org" : "org.slf4j",
      "name" : "slf4j-api",
      "version" : "2.0.17",
      "artifacts" : [
        {
          "name" : "slf4j-api.jar",
          "hash" : "sha1:d9e58ac9c7779ba3bf8142aff6c830617a7fe60f"
        }
      ],
      "configurations" : [
        "compile",
        "runtime",
        "test"
      ]
    },
    {
      "org" : "tools.jackson.core",
      "name" : "jackson-core",
      "version" : "3.0.1",
      "artifacts" : [
        {
          "name" : "jackson-core.jar",
          "hash" : "sha1:21540327d2721335405a749612b3111e0fa75734"
        }
      ],
      "configurations" : [
        "compile",
        "runtime",
        "test"
      ]
    },
    {
      "org" : "tools.jackson.core",
      "name" : "jackson-databind",
      "version" : "3.0.1",
      "artifacts" : [
        {
          "name" : "jackson-databind.jar",
          "hash" : "sha1:90cde5eb4380dd2ff5c3b5ba2d7181bbad55e674"
        }
      ],
      "configurations" : [
        "compile",
        "runtime",
        "test"
      ]
    }
  ]
}